
Microsoft Visual Studio Solution File, Format Version 12.00
# Visual Studio Version 16
VisualStudioVersion = 16.0.30503.244
MinimumVisualStudioVersion = 10.0.40219.1
Project("{FAE04EC0-301F-11D3-BF4B-00C04F79EFBC}") = "STFD", "STFD\STFD.csproj", "{00D4FA7E-829D-4D07-B6AC-228FD8E6233C}"
EndProject
Global
	GlobalSection(SolutionConfigurationPlatforms) = preSolution
		Debug|Any CPU = Debug|Any CPU
		Release|Any CPU = Release|Any CPU
	EndGlobalSection
	GlobalSection(ProjectConfigurationPlatforms) = postSolution
		{00D4FA7E-829D-4D07-B6AC-228FD8E6233C}.Debug|Any CPU.ActiveCfg = Debug|Any CPU
		{00D4FA7E-829D-4D07-B6AC-228FD8E6233C}.Debug|Any CPU.Build.0 = Debug|Any CPU
		{00D4FA7E-829D-4D07-B6AC-228FD8E6233C}.Release|Any CPU.ActiveCfg = Release|Any CPU
		{00D4FA7E-829D-4D07-B6AC-228FD8E6233C}.Release|Any CPU.Build.0 = Release|Any CPU
	EndGlobalSection
	GlobalSection(SolutionProperties) = preSolution
		HideSolutionNode = FALSE
	EndGlobalSection
	GlobalSection(ExtensibilityGlobals) = postSolution
		SolutionGuid = {20C9CB2B-4349-4C03-A7EE-E93AFB52A523}
	EndGlobalSection
EndGlobal
